github.com/antchfx/xmlquery v0.0.0-20180726134140-2805f22c26c4 h1:ntzM+2QnQcuvKLqs/NoD31DKcrm+3JmmItM0jtqsnb0=
github.com/antchfx/xmlquery v0.0.0-20180726134140-2805f22c26c4/go.mod h1:/+CnyD/DzHRnv2eRxrVbieRU/FIF6N0C+7oTtyUtCKk=
github.com/antchfx/xpath v0.0.0-20180524052354-077bca4d2caa h1:UgmswLpr8R1msC4cA74MD6zt66QSQckaD5ph7XFyOfY=
github.com/antchfx/xpath v0.0.0-20180524052354-077bca4d2caa/go.mod h1:Yee4kTMuNiPYJ7nSNorELQMr1J33uOpXDMByNYhvtNk=
github.com/finkf/gocrd v0.4.0 h1:Sel6BbR4tna195tansvZ93l0PcVePKoH7f6pqQtR5Fo=
github.com/finkf/gocrd v0.4.0/go.mod h1:4HJbdlq/MvS6PBpfpExQspQyQF761JxUYFoCdfkvq8Y=
golang.org/x/net v0.0.0-20180826012351-8a410e7b638d h1:g9qWBGx4puODJTMVyoPrpoxPFgVGd+z1DZwjfRu4d0I=
golang.org/x/net v0.0.0-20180826012351-8a410e7b638d/go.mod h1:mL1N/T3taQHkDXs73rZJwtUhF3w3ftmwwsq0BUmARs4=
golang.org/x/text v0.3.0 h1:g61tztE5qeGQ89tm6NTjjM9VPIm088od1l6aSorWRWg=
golang.org/x/text v0.3.0/go.mod h1:NqM8EUOU14njkJ3fqMW+pc6Ldnwhi/IjpwHt7yyuwOQ=
launchpad.net/gocheck v0.0.0-20140225173054-000000000087/go.mod h1:hj7XX3B/0A+80Vse0e+BUHsHMTEhd0O4cpUHr/e/BUM=
launchpad.net/xmlpath v0.0.0-20130614043138-000000000004 h1:B8nNZBUrx8YufDCAJjvO/lVs4GxXMQHyrjwJdJzXMFg=
launchpad.net/xmlpath v0.0.0-20130614043138-000000000004/go.mod h1:vqyExLOM3qBx7mvYRkoxjSCF945s0mbe7YynlKYXtsA=
