github.com/antchfx/xmlquery v0.0.0-20180726134140-2805f22c26c4 h1:ntzM+2QnQcuvKLqs/NoD31DKcrm+3JmmItM0jtqsnb0=
github.com/antchfx/xmlquery v0.0.0-20180726134140-2805f22c26c4/go.mod h1:/+CnyD/DzHRnv2eRxrVbieRU/FIF6N0C+7oTtyUtCKk=
github.com/antchfx/xpath v0.0.0-20180524052354-077bca4d2caa h1:UgmswLpr8R1msC4cA74MD6zt66QSQckaD5ph7XFyOfY=
github.com/antchfx/xpath v0.0.0-20180524052354-077bca4d2caa/go.mod h1:Yee4kTMuNiPYJ7nSNorELQMr1J33uOpXDMByNYhvtNk=
github.com/finkf/gocrd/mets v0.0.0-20180825223008-1036db3b3262 h1:/V7QVQMkpFmUqqI2SRTBs7OhuHdc8011Fcesjcojb00=
github.com/finkf/gocrd/mets v0.0.0-20180825223008-1036db3b3262/go.mod h1:kVrkgPrOAx/RaDseeVLN3IDqUhvYCewe0dO1LyeuPys=
github.com/finkf/gocrd/page v0.0.0-20180825223008-1036db3b3262 h1:FELf5fxkd/llCm+ovqitGXkxQXWzyrJc/K6QIVjkxrg=
github.com/finkf/gocrd/page v0.0.0-20180825223008-1036db3b3262/go.mod h1:b1WVC7Nx39QXDo+bp81zOwWy9zxh5Dr5Q7JrRG2WagE=
github.com/pkg/errors v0.8.0 h1:WdK/asTD0HN+q6hsWO3/vpuAkAr+tw6aNJNDFFf0+qw=
github.com/pkg/errors v0.8.0/go.mod h1:bwawxfHBFNV+L2hUp1rHADufV3IMtnDRdf1r5NINEl0=
golang.org/x/net v0.0.0-20180824152047-4bcd98cce591 h1:4S2XUgvg3hUNTvxI307qkFPb9zKHG3Nf9TXFzX/DZZI=
golang.org/x/net v0.0.0-20180824152047-4bcd98cce591/go.mod h1:mL1N/T3taQHkDXs73rZJwtUhF3w3ftmwwsq0BUmARs4=
golang.org/x/text v0.3.0 h1:g61tztE5qeGQ89tm6NTjjM9VPIm088od1l6aSorWRWg=
golang.org/x/text v0.3.0/go.mod h1:NqM8EUOU14njkJ3fqMW+pc6Ldnwhi/IjpwHt7yyuwOQ=
